
Microsoft Visual Studio Solution File, Format Version 12.00
# Visual Studio Version 17
VisualStudioVersion = 17.0.32112.339
MinimumVisualStudioVersion = 10.0.40219.1
Project("{FAE04EC0-301F-11D3-BF4B-00C04F79EFBC}") = "NavfertyExcelAddIn", "NavfertyExcelAddIn\NavfertyExcelAddIn.csproj", "{DEF56C38-95B1-4CFC-8B27-70FEA7A35D78}"
EndProject
Project("{2150E333-8FDC-42A3-9474-1A3956D46DE8}") = "NavfertyExcelAddIn.Tests", "NavfertyExcelAddIn.Tests", "{C5668F10-50DC-49EF-AA50-E9036E244BEB}"
EndProject
Project("{FAE04EC0-301F-11D3-BF4B-00C04F79EFBC}") = "NavfertyExcelAddIn.UnitTests", "NavfertyExcelAddIn.UnitTests\NavfertyExcelAddIn.UnitTests.csproj", "{6A7D8A8F-6338-43E3-B5AC-92483188EC91}"
EndProject
Project("{2150E333-8FDC-42A3-9474-1A3956D46DE8}") = "Solution Items", "Solution Items", "{4837E4C6-50A0-451C-8475-EC0A7BBA49B4}"
	ProjectSection(SolutionItems) = preProject
		.editorconfig = .editorconfig
	EndProjectSection
EndProject
Project("{FAE04EC0-301F-11D3-BF4B-00C04F79EFBC}") = "Navferty.Common", "Navferty.Common\Navferty.Common.csproj", "{F14665A1-A035-4C8E-845E-F00029C8181A}"
EndProject
Global
	GlobalSection(SolutionConfigurationPlatforms) = preSolution
		Debug|Any CPU = Debug|Any CPU
		Release|Any CPU = Release|Any CPU
	EndGlobalSection
	GlobalSection(ProjectConfigurationPlatforms) = postSolution
		{DEF56C38-95B1-4CFC-8B27-70FEA7A35D78}.Debug|Any CPU.ActiveCfg = Debug|Any CPU
		{DEF56C38-95B1-4CFC-8B27-70FEA7A35D78}.Debug|Any CPU.Build.0 = Debug|Any CPU
		{DEF56C38-95B1-4CFC-8B27-70FEA7A35D78}.Release|Any CPU.ActiveCfg = Release|Any CPU
		{DEF56C38-95B1-4CFC-8B27-70FEA7A35D78}.Release|Any CPU.Build.0 = Release|Any CPU
		{6A7D8A8F-6338-43E3-B5AC-92483188EC91}.Debug|Any CPU.ActiveCfg = Debug|Any CPU
		{6A7D8A8F-6338-43E3-B5AC-92483188EC91}.Debug|Any CPU.Build.0 = Debug|Any CPU
		{6A7D8A8F-6338-43E3-B5AC-92483188EC91}.Release|Any CPU.ActiveCfg = Release|Any CPU
		{6A7D8A8F-6338-43E3-B5AC-92483188EC91}.Release|Any CPU.Build.0 = Release|Any CPU
		{F14665A1-A035-4C8E-845E-F00029C8181A}.Debug|Any CPU.ActiveCfg = Debug|Any CPU
		{F14665A1-A035-4C8E-845E-F00029C8181A}.Debug|Any CPU.Build.0 = Debug|Any CPU
		{F14665A1-A035-4C8E-845E-F00029C8181A}.Release|Any CPU.ActiveCfg = Release|Any CPU
		{F14665A1-A035-4C8E-845E-F00029C8181A}.Release|Any CPU.Build.0 = Release|Any CPU
	EndGlobalSection
	GlobalSection(SolutionProperties) = preSolution
		HideSolutionNode = FALSE
	EndGlobalSection
	GlobalSection(NestedProjects) = preSolution
		{6A7D8A8F-6338-43E3-B5AC-92483188EC91} = {C5668F10-50DC-49EF-AA50-E9036E244BEB}
	EndGlobalSection
	GlobalSection(ExtensibilityGlobals) = postSolution
		SolutionGuid = {4E526B65-A0B6-4949-BB35-4570E3D97D47}
	EndGlobalSection
EndGlobal
