
Microsoft Visual Studio Solution File, Format Version 12.00
# Visual Studio Version 16
VisualStudioVersion = 16.0.29215.179
MinimumVisualStudioVersion = 10.0.40219.1
Project("{FAE04EC0-301F-11D3-BF4B-00C04F79EFBC}") = "NavfertyExcelAddIn", "NavfertyExcelAddIn\NavfertyExcelAddIn.csproj", "{DEF56C38-95B1-4CFC-8B27-70FEA7A35D78}"
EndProject
Global
	GlobalSection(SolutionConfigurationPlatforms) = preSolution
		Debug|Any CPU = Debug|Any CPU
		Release|Any CPU = Release|Any CPU
	EndGlobalSection
	GlobalSection(ProjectConfigurationPlatforms) = postSolution
		{DEF56C38-95B1-4CFC-8B27-70FEA7A35D78}.Debug|Any CPU.ActiveCfg = Debug|Any CPU
		{DEF56C38-95B1-4CFC-8B27-70FEA7A35D78}.Debug|Any CPU.Build.0 = Debug|Any CPU
		{DEF56C38-95B1-4CFC-8B27-70FEA7A35D78}.Release|Any CPU.ActiveCfg = Release|Any CPU
		{DEF56C38-95B1-4CFC-8B27-70FEA7A35D78}.Release|Any CPU.Build.0 = Release|Any CPU
	EndGlobalSection
	GlobalSection(SolutionProperties) = preSolution
		HideSolutionNode = FALSE
	EndGlobalSection
	GlobalSection(ExtensibilityGlobals) = postSolution
		SolutionGuid = {4E526B65-A0B6-4949-BB35-4570E3D97D47}
	EndGlobalSection
EndGlobal
